# THIS IS AN AUTOGENERATED FILE. DO NOT EDIT THIS FILE DIRECTLY.
# yarn lockfile v1


sweetalert2@^10.16.6:
  version "10.16.6"
  resolved "https://registry.npmjs.org/sweetalert2/-/sweetalert2-10.16.6.tgz#bf9893386aa9330a22fde188c25897a98559dc4a"
  integrity sha512-089SRfG8NopJAVG9euo+kKHWRaCK6V5WY6v1kySYL07SDF/FEEW1Fu+LqkHqvQ0h3KnQ8AE2Z81mpvhMOlx/Vw==
